
Microsoft Visual Studio Solution File, Format Version 12.00
# Visual Studio 14
VisualStudioVersion = 14.0.25420.1
MinimumVisualStudioVersion = 10.0.40219.1
Project("{FAE04EC0-301F-11D3-BF4B-00C04F79EFBC}") = "PTangAssignment2", "PTangAssignment2\PTangAssignment2.csproj", "{4834DF0C-3DBD-40B2-963E-DD74CA9A43AB}"
EndProject
Project("{FAE04EC0-301F-11D3-BF4B-00C04F79EFBC}") = "PTangAssignment2.Tests", "PTangAssignment2.Tests\PTangAssignment2.Tests.csproj", "{AB7784D2-DAD1-4250-8009-CE385DDE622B}"
EndProject
Global
	GlobalSection(SolutionConfigurationPlatforms) = preSolution
		Debug|Any CPU = Debug|Any CPU
		Release|Any CPU = Release|Any CPU
	EndGlobalSection
	GlobalSection(ProjectConfigurationPlatforms) = postSolution
		{4834DF0C-3DBD-40B2-963E-DD74CA9A43AB}.Debug|Any CPU.ActiveCfg = Debug|Any CPU
		{4834DF0C-3DBD-40B2-963E-DD74CA9A43AB}.Debug|Any CPU.Build.0 = Debug|Any CPU
		{4834DF0C-3DBD-40B2-963E-DD74CA9A43AB}.Release|Any CPU.ActiveCfg = Release|Any CPU
		{4834DF0C-3DBD-40B2-963E-DD74CA9A43AB}.Release|Any CPU.Build.0 = Release|Any CPU
		{AB7784D2-DAD1-4250-8009-CE385DDE622B}.Debug|Any CPU.ActiveCfg = Debug|Any CPU
		{AB7784D2-DAD1-4250-8009-CE385DDE622B}.Debug|Any CPU.Build.0 = Debug|Any CPU
		{AB7784D2-DAD1-4250-8009-CE385DDE622B}.Release|Any CPU.ActiveCfg = Release|Any CPU
		{AB7784D2-DAD1-4250-8009-CE385DDE622B}.Release|Any CPU.Build.0 = Release|Any CPU
	EndGlobalSection
	GlobalSection(SolutionProperties) = preSolution
		HideSolutionNode = FALSE
	EndGlobalSection
EndGlobal
