
Microsoft Visual Studio Solution File, Format Version 12.00
# Visual Studio 2013
VisualStudioVersion = 12.0.40629.0
MinimumVisualStudioVersion = 10.0.40219.1
Project("{FAE04EC0-301F-11D3-BF4B-00C04F79EFBC}") = "A2PatrickTangP2", "A2PatrickTangP2\A2PatrickTangP2.csproj", "{CB12BDBA-4561-4516-B265-1CE4C50F8EC6}"
EndProject
Global
	GlobalSection(SolutionConfigurationPlatforms) = preSolution
		Debug|Any CPU = Debug|Any CPU
		Release|Any CPU = Release|Any CPU
	EndGlobalSection
	GlobalSection(ProjectConfigurationPlatforms) = postSolution
		{CB12BDBA-4561-4516-B265-1CE4C50F8EC6}.Debug|Any CPU.ActiveCfg = Debug|Any CPU
		{CB12BDBA-4561-4516-B265-1CE4C50F8EC6}.Debug|Any CPU.Build.0 = Debug|Any CPU
		{CB12BDBA-4561-4516-B265-1CE4C50F8EC6}.Release|Any CPU.ActiveCfg = Release|Any CPU
		{CB12BDBA-4561-4516-B265-1CE4C50F8EC6}.Release|Any CPU.Build.0 = Release|Any CPU
	EndGlobalSection
	GlobalSection(SolutionProperties) = preSolution
		HideSolutionNode = FALSE
	EndGlobalSection
EndGlobal
